<?xml version="1.0" encoding="utf-8"?>
<Project ToolsVersion="4.0" xmlns="http://schemas.microsoft.com/developer/msbuild/2003">
  <ItemGroup>
    <Filter Include="Исходные файлы">
      <UniqueIdentifier>{4FC737F1-C7A5-4376-A066-2A32D752A2FF}</UniqueIdentifier>
      <Extensions>cpp;c;cc;cxx;c++;def;odl;idl;hpj;bat;asm;asmx</Extensions>
    </Filter>
    <Filter Include="Файлы заголовков">
      <UniqueIdentifier>{93995380-89BD-4b04-88EB-625FBE52EBFB}</UniqueIdentifier>
      <Extensions>h;hh;hpp;hxx;h++;hm;inl;inc;ipp;xsd</Extensions>
    </Filter>
    <Filter Include="Файлы ресурсов">
      <UniqueIdentifier>{67DA6AB6-F800-4c08-8B7A-83BB121AAD01}</UniqueIdentifier>
      <Extensions>rc;ico;cur;bmp;dlg;rc2;rct;bin;rgs;gif;jpg;jpeg;jpe;resx;tiff;tif;png;wav;mfcribbon-ms</Extensions>
    </Filter>
    <Filter Include="Исходные файлы\Buffer">
      <UniqueIdentifier>{517c8868-ad7e-4d55-9ec7-a0bb3da442de}</UniqueIdentifier>
    </Filter>
    <Filter Include="Файлы заголовков\Buffer">
      <UniqueIdentifier>{a0d47045-eb3d-4c09-80d3-7e5587612c8a}</UniqueIdentifier>
    </Filter>
    <Filter Include="Исходные файлы\iteratorMetods">
      <UniqueIdentifier>{768a0fa7-f686-4ea8-9854-12a68d0d14e1}</UniqueIdentifier>
    </Filter>
    <Filter Include="Файлы заголовков\iteratorMetods">
      <UniqueIdentifier>{bf347647-a2bb-4950-8b6b-79804e727142}</UniqueIdentifier>
    </Filter>
    <Filter Include="Исходные файлы\renderHelp">
      <UniqueIdentifier>{f9314a44-ee09-414c-890a-6e42c91fdf1e}</UniqueIdentifier>
    </Filter>
    <Filter Include="Файлы заголовков\renderHelp">
      <UniqueIdentifier>{2fa529b3-a5ae-4746-bea3-802036297bc1}</UniqueIdentifier>
    </Filter>
    <Filter Include="Исходные файлы\renderHelp\PipelineInfo">
      <UniqueIdentifier>{6cf3c60a-b1aa-4d8f-bfb9-b0d9b9e81873}</UniqueIdentifier>
    </Filter>
    <Filter Include="Файлы заголовков\renderHelp\PipelineInfo">
      <UniqueIdentifier>{c374be02-ed6d-434b-b4b1-d6902aee09d6}</UniqueIdentifier>
    </Filter>
    <Filter Include="Файлы заголовков\Primitive">
      <UniqueIdentifier>{a88da940-41b8-4317-9054-af73b07c96f7}</UniqueIdentifier>
    </Filter>
    <Filter Include="Исходные файлы\Primitive">
      <UniqueIdentifier>{3029b085-7ee8-47b3-870c-c6a315d71469}</UniqueIdentifier>
    </Filter>
  </ItemGroup>
  <ItemGroup>
    <ClCompile Include="main.cpp">
      <Filter>Исходные файлы</Filter>
    </ClCompile>
    <ClCompile Include="stdafx.cpp">
      <Filter>Исходные файлы</Filter>
    </ClCompile>
    <ClCompile Include="DiplomApp.cpp">
      <Filter>Исходные файлы</Filter>
    </ClCompile>
    <ClCompile Include="WindowManager.cpp">
      <Filter>Исходные файлы</Filter>
    </ClCompile>
    <ClCompile Include="Render.cpp">
      <Filter>Исходные файлы</Filter>
    </ClCompile>
    <ClCompile Include="Buffer.cpp">
      <Filter>Исходные файлы\Buffer</Filter>
    </ClCompile>
    <ClCompile Include="ExpandBufferDeque.cpp">
      <Filter>Исходные файлы\Buffer</Filter>
    </ClCompile>
    <ClCompile Include="ComplexBuffer.cpp">
      <Filter>Исходные файлы\Buffer</Filter>
    </ClCompile>
    <ClCompile Include="iteratorMetods\AbstractIterationMetod.cpp">
      <Filter>Исходные файлы\iteratorMetods</Filter>
    </ClCompile>
    <ClCompile Include="iteratorMetods\RungeKutte3d.cpp">
      <Filter>Исходные файлы\iteratorMetods</Filter>
    </ClCompile>
    <ClCompile Include="renderHelp\ShaderLoader.cpp">
      <Filter>Исходные файлы\renderHelp</Filter>
    </ClCompile>
    <ClCompile Include="renderHelp\StaticStage.cpp">
      <Filter>Исходные файлы\renderHelp</Filter>
    </ClCompile>
    <ClCompile Include="Camera.cpp">
      <Filter>Исходные файлы</Filter>
    </ClCompile>
    <ClCompile Include="renderHelp\GraphicsPipeline.cpp">
      <Filter>Исходные файлы\renderHelp</Filter>
    </ClCompile>
    <ClCompile Include="renderHelp\DescriptorSetLayout.cpp">
      <Filter>Исходные файлы\renderHelp</Filter>
    </ClCompile>
    <ClCompile Include="renderHelp\PipelineInfo.cpp">
      <Filter>Исходные файлы\renderHelp</Filter>
    </ClCompile>
    <ClCompile Include="renderHelp\Shader.cpp">
      <Filter>Исходные файлы\renderHelp</Filter>
    </ClCompile>
    <ClCompile Include="renderHelp\PipelineInfo\StripLine.cpp">
      <Filter>Исходные файлы\renderHelp\PipelineInfo</Filter>
    </ClCompile>
    <ClCompile Include="renderHelp\PipelineInfo\Line.cpp">
      <Filter>Исходные файлы\renderHelp\PipelineInfo</Filter>
    </ClCompile>
    <ClCompile Include="Primitive\Primitive.cpp">
      <Filter>Исходные файлы\Primitive</Filter>
    </ClCompile>
    <ClCompile Include="Primitive\CurvedPrimitive.cpp">
      <Filter>Исходные файлы\Primitive</Filter>
    </ClCompile>
    <ClCompile Include="Primitive\StaticPrimitive.cpp">
      <Filter>Исходные файлы\Primitive</Filter>
    </ClCompile>
  </ItemGroup>
  <ItemGroup>
    <ClInclude Include="stdafx.h">
      <Filter>Файлы заголовков</Filter>
    </ClInclude>
    <ClInclude Include="DiplomApp.h">
      <Filter>Файлы заголовков</Filter>
    </ClInclude>
    <ClInclude Include="WindowManager.h">
      <Filter>Файлы заголовков</Filter>
    </ClInclude>
    <ClInclude Include="Render.h">
      <Filter>Файлы заголовков</Filter>
    </ClInclude>
    <ClInclude Include="renderHelp\HelpStructures.h">
      <Filter>Файлы заголовков\renderHelp</Filter>
    </ClInclude>
    <ClInclude Include="Buffer.h">
      <Filter>Файлы заголовков\Buffer</Filter>
    </ClInclude>
    <ClInclude Include="ExpandBufferDeque.h">
      <Filter>Файлы заголовков\Buffer</Filter>
    </ClInclude>
    <ClInclude Include="ComplexBuffer.h">
      <Filter>Файлы заголовков\Buffer</Filter>
    </ClInclude>
    <ClInclude Include="iteratorMetods\AbstractIterationMetod.h">
      <Filter>Файлы заголовков\iteratorMetods</Filter>
    </ClInclude>
    <ClInclude Include="iteratorMetods\RungeKutte3d.h">
      <Filter>Файлы заголовков\iteratorMetods</Filter>
    </ClInclude>
    <ClInclude Include="renderHelp\ShaderLoader.h">
      <Filter>Файлы заголовков\renderHelp</Filter>
    </ClInclude>
    <ClInclude Include="renderHelp\StaticStage.h">
      <Filter>Файлы заголовков\renderHelp</Filter>
    </ClInclude>
    <ClInclude Include="Camera.h">
      <Filter>Файлы заголовков</Filter>
    </ClInclude>
    <ClInclude Include="renderHelp\GraphicsPipeline.h">
      <Filter>Файлы заголовков\renderHelp</Filter>
    </ClInclude>
    <ClInclude Include="renderHelp\DescriptorSetLayout.h">
      <Filter>Файлы заголовков\renderHelp</Filter>
    </ClInclude>
    <ClInclude Include="renderHelp\PipelineInfo.h">
      <Filter>Файлы заголовков\renderHelp</Filter>
    </ClInclude>
    <ClInclude Include="renderHelp\Shader.h">
      <Filter>Файлы заголовков\renderHelp</Filter>
    </ClInclude>
    <ClInclude Include="renderHelp\PipelineInfo\StripLine.h">
      <Filter>Файлы заголовков\renderHelp\PipelineInfo</Filter>
    </ClInclude>
    <ClInclude Include="renderHelp\PipelineInfo\Line.h">
      <Filter>Файлы заголовков\renderHelp\PipelineInfo</Filter>
    </ClInclude>
    <ClInclude Include="Primitive\Primitive.h">
      <Filter>Файлы заголовков\Primitive</Filter>
    </ClInclude>
    <ClInclude Include="Primitive\CurvedPrimitive.h">
      <Filter>Файлы заголовков\Primitive</Filter>
    </ClInclude>
    <ClInclude Include="Primitive\StaticPrimitive.h">
      <Filter>Файлы заголовков\Primitive</Filter>
    </ClInclude>
  </ItemGroup>
</Project>